
Microsoft Visual Studio Solution File, Format Version 12.00
# Visual Studio 15
VisualStudioVersion = 15.0.28010.2016
MinimumVisualStudioVersion = 10.0.40219.1
Project("{FAE04EC0-301F-11D3-BF4B-00C04F79EFBC}") = "HiddenFileDirectoryShows", "HiddenFileDirectoryShows\HiddenFileDirectoryShows.csproj", "{3EE9F350-5210-4BA1-8C64-4322ACA5AF2E}"
EndProject
Project("{FAE04EC0-301F-11D3-BF4B-00C04F79EFBC}") = "OldCsProjFormat", "OldCsProjFormat\OldCsProjFormat.csproj", "{775F7B6B-11FE-4BD1-8356-BCC4E11EF264}"
EndProject
Global
	GlobalSection(SolutionConfigurationPlatforms) = preSolution
		Debug|Any CPU = Debug|Any CPU
		Release|Any CPU = Release|Any CPU
	EndGlobalSection
	GlobalSection(ProjectConfigurationPlatforms) = postSolution
		{3EE9F350-5210-4BA1-8C64-4322ACA5AF2E}.Debug|Any CPU.ActiveCfg = Debug|Any CPU
		{3EE9F350-5210-4BA1-8C64-4322ACA5AF2E}.Debug|Any CPU.Build.0 = Debug|Any CPU
		{3EE9F350-5210-4BA1-8C64-4322ACA5AF2E}.Release|Any CPU.ActiveCfg = Release|Any CPU
		{3EE9F350-5210-4BA1-8C64-4322ACA5AF2E}.Release|Any CPU.Build.0 = Release|Any CPU
		{775F7B6B-11FE-4BD1-8356-BCC4E11EF264}.Debug|Any CPU.ActiveCfg = Debug|Any CPU
		{775F7B6B-11FE-4BD1-8356-BCC4E11EF264}.Debug|Any CPU.Build.0 = Debug|Any CPU
		{775F7B6B-11FE-4BD1-8356-BCC4E11EF264}.Release|Any CPU.ActiveCfg = Release|Any CPU
		{775F7B6B-11FE-4BD1-8356-BCC4E11EF264}.Release|Any CPU.Build.0 = Release|Any CPU
	EndGlobalSection
	GlobalSection(SolutionProperties) = preSolution
		HideSolutionNode = FALSE
	EndGlobalSection
	GlobalSection(ExtensibilityGlobals) = postSolution
		SolutionGuid = {30AC75B1-2CBA-4D63-BD65-E677B57A04D4}
	EndGlobalSection
EndGlobal
